// !$*UTF8*$!
{
	archiveVersion = 1;
	classes = {
	};
	objectVersion = 46;
	objects = {

/* Begin PBXBuildFile section */
		9803B9D3134328FC00FEF72D /* QuestionBuilder.m in Sources */ = {isa = PBXBuildFile; fileRef = 9803B9D2134328FC00FEF72D /* QuestionBuilder.m */; };
		9803B9D4134328FC00FEF72D /* QuestionBuilder.m in Sources */ = {isa = PBXBuildFile; fileRef = 9803B9D2134328FC00FEF72D /* QuestionBuilder.m */; };
		9803B9D7134330E000FEF72D /* FakeQuestionBuilder.m in Sources */ = {isa = PBXBuildFile; fileRef = 9803B9D6134330E000FEF72D /* FakeQuestionBuilder.m */; };
		98089BC61365AABC00B4FDEC /* AnswerCreationWorkflowTests.m in Sources */ = {isa = PBXBuildFile; fileRef = 98089BC51365AABC00B4FDEC /* AnswerCreationWorkflowTests.m */; };
		98089BCA1365BBB800B4FDEC /* AnswerBuilder.m in Sources */ = {isa = PBXBuildFile; fileRef = 98089BC91365BBB800B4FDEC /* AnswerBuilder.m */; };
		98089BCD1365BD3500B4FDEC /* FakeAnswerBuilder.m in Sources */ = {isa = PBXBuildFile; fileRef = 98089BCC1365BD3500B4FDEC /* FakeAnswerBuilder.m */; };
		98089BCE1365BE5100B4FDEC /* AnswerBuilder.m in Sources */ = {isa = PBXBuildFile; fileRef = 98089BC91365BBB800B4FDEC /* AnswerBuilder.m */; };
		9809BE541349CAF4008B4136 /* NSObject+JSON.m in Sources */ = {isa = PBXBuildFile; fileRef = 9809BE481349CAF4008B4136 /* NSObject+JSON.m */; };
		9809BE551349CAF4008B4136 /* SBJsonWriter.m in Sources */ = {isa = PBXBuildFile; fileRef = 9809BE491349CAF4008B4136 /* SBJsonWriter.m */; };
		9809BE561349CAF4008B4136 /* SBJsonStreamWriter.m in Sources */ = {isa = PBXBuildFile; fileRef = 9809BE4A1349CAF4008B4136 /* SBJsonStreamWriter.m */; };
		9809BE571349CAF4008B4136 /* SBJsonStreamWriterState.m in Sources */ = {isa = PBXBuildFile; fileRef = 9809BE4C1349CAF4008B4136 /* SBJsonStreamWriterState.m */; };
		9809BE581349CAF4008B4136 /* SBJsonTokeniser.m in Sources */ = {isa = PBXBuildFile; fileRef = 9809BE4E1349CAF4008B4136 /* SBJsonTokeniser.m */; };
		9809BE591349CAF4008B4136 /* SBJsonParser.m in Sources */ = {isa = PBXBuildFile; fileRef = 9809BE4F1349CAF4008B4136 /* SBJsonParser.m */; };
		9809BE5A1349CAF4008B4136 /* SBJsonStreamParser.m in Sources */ = {isa = PBXBuildFile; fileRef = 9809BE501349CAF4008B4136 /* SBJsonStreamParser.m */; };
		9809BE5B1349CAF4008B4136 /* SBJsonStreamParserState.m in Sources */ = {isa = PBXBuildFile; fileRef = 9809BE521349CAF4008B4136 /* SBJsonStreamParserState.m */; };
		9809BE5C1349CAF4008B4136 /* SBJsonStreamParserAdapter.m in Sources */ = {isa = PBXBuildFile; fileRef = 9809BE531349CAF4008B4136 /* SBJsonStreamParserAdapter.m */; };
		9818AB8213181B6E00479006 /* AnswerTests.m in Sources */ = {isa = PBXBuildFile; fileRef = 9818AB8113181B6E00479006 /* AnswerTests.m */; };
		9818AB8613181CA700479006 /* Answer.m in Sources */ = {isa = PBXBuildFile; fileRef = 9818AB8513181CA700479006 /* Answer.m */; };
		9818AB8713181CA700479006 /* Answer.m in Sources */ = {isa = PBXBuildFile; fileRef = 9818AB8513181CA700479006 /* Answer.m */; };
		982341EE1345D888005E14B5 /* QuestionBuilderTests.m in Sources */ = {isa = PBXBuildFile; fileRef = 982341ED1345D888005E14B5 /* QuestionBuilderTests.m */; };
		9829C11D1312B1570070C733 /* QuestionTests.m in Sources */ = {isa = PBXBuildFile; fileRef = 9829C11C1312B1570070C733 /* QuestionTests.m */; };
		9829C1211312B75A0070C733 /* Question.m in Sources */ = {isa = PBXBuildFile; fileRef = 9829C1201312B75A0070C733 /* Question.m */; };
		9829C1221312B75A0070C733 /* Question.m in Sources */ = {isa = PBXBuildFile; fileRef = 9829C1201312B75A0070C733 /* Question.m */; };
		9868E920132E32F800AEF519 /* QuestionCreationWorkflowTests.m in Sources */ = {isa = PBXBuildFile; fileRef = 9868E91F132E32F800AEF519 /* QuestionCreationWorkflowTests.m */; };
		9868E923132E578600AEF519 /* StackOverflowManager.m in Sources */ = {isa = PBXBuildFile; fileRef = 9868E922132E578600AEF519 /* StackOverflowManager.m */; };
		9868E924132E578600AEF519 /* StackOverflowManager.m in Sources */ = {isa = PBXBuildFile; fileRef = 9868E922132E578600AEF519 /* StackOverflowManager.m */; };
		9868E929132E63C300AEF519 /* MockStackOverflowManagerDelegate.m in Sources */ = {isa = PBXBuildFile; fileRef = 9868E928132E63C300AEF519 /* MockStackOverflowManagerDelegate.m */; };
		9893838B13325E6E004F79F1 /* StackOverflowCommunicator.m in Sources */ = {isa = PBXBuildFile; fileRef = 9893838A13325E6E004F79F1 /* StackOverflowCommunicator.m */; };
		9893838C13325E6E004F79F1 /* StackOverflowCommunicator.m in Sources */ = {isa = PBXBuildFile; fileRef = 9893838A13325E6E004F79F1 /* StackOverflowCommunicator.m */; };
		98938390133267A3004F79F1 /* MockStackOverflowCommunicator.m in Sources */ = {isa = PBXBuildFile; fileRef = 9893838F133267A3004F79F1 /* MockStackOverflowCommunicator.m */; };
		98A548D0130D3ABC003C4F0F /* UIKit.framework in Frameworks */ = {isa = PBXBuildFile; fileRef = 98A548CF130D3ABC003C4F0F /* UIKit.framework */; };
		98A548D2130D3ABC003C4F0F /* Foundation.framework in Frameworks */ = {isa = PBXBuildFile; fileRef = 98A548D1130D3ABC003C4F0F /* Foundation.framework */; };
		98A548D4130D3ABC003C4F0F /* CoreGraphics.framework in Frameworks */ = {isa = PBXBuildFile; fileRef = 98A548D3130D3ABC003C4F0F /* CoreGraphics.framework */; };
		98A548DA130D3ABD003C4F0F /* InfoPlist.strings in Resources */ = {isa = PBXBuildFile; fileRef = 98A548D8130D3ABD003C4F0F /* InfoPlist.strings */; };
		98A548DD130D3ABD003C4F0F /* main.m in Sources */ = {isa = PBXBuildFile; fileRef = 98A548DC130D3ABD003C4F0F /* main.m */; };
		98A548E0130D3ABD003C4F0F /* BrowseOverflowAppDelegate.m in Sources */ = {isa = PBXBuildFile; fileRef = 98A548DF130D3ABD003C4F0F /* BrowseOverflowAppDelegate.m */; };
		98A548E3130D3ABE003C4F0F /* MainWindow.xib in Resources */ = {isa = PBXBuildFile; fileRef = 98A548E1130D3ABE003C4F0F /* MainWindow.xib */; };
		98A548E6130D3ABE003C4F0F /* RootViewController.m in Sources */ = {isa = PBXBuildFile; fileRef = 98A548E5130D3ABE003C4F0F /* RootViewController.m */; };
		98A548E9130D3ABE003C4F0F /* RootViewController.xib in Resources */ = {isa = PBXBuildFile; fileRef = 98A548E7130D3ABE003C4F0F /* RootViewController.xib */; };
		98A548F0130D3ABF003C4F0F /* UIKit.framework in Frameworks */ = {isa = PBXBuildFile; fileRef = 98A548CF130D3ABC003C4F0F /* UIKit.framework */; };
		98A548F1130D3ABF003C4F0F /* Foundation.framework in Frameworks */ = {isa = PBXBuildFile; fileRef = 98A548D1130D3ABC003C4F0F /* Foundation.framework */; };
		98A548F2130D3ABF003C4F0F /* CoreGraphics.framework in Frameworks */ = {isa = PBXBuildFile; fileRef = 98A548D3130D3ABC003C4F0F /* CoreGraphics.framework */; };
		98A548FA130D3ABF003C4F0F /* InfoPlist.strings in Resources */ = {isa = PBXBuildFile; fileRef = 98A548F8130D3ABF003C4F0F /* InfoPlist.strings */; };
		98A548FD130D3ABF003C4F0F /* BrowseOverflowTests.h in Resources */ = {isa = PBXBuildFile; fileRef = 98A548FC130D3ABF003C4F0F /* BrowseOverflowTests.h */; };
		98A548FF130D3ABF003C4F0F /* BrowseOverflowTests.m in Sources */ = {isa = PBXBuildFile; fileRef = 98A548FE130D3ABF003C4F0F /* BrowseOverflowTests.m */; };
		98A5490A130D72F9003C4F0F /* TopicTests.m in Sources */ = {isa = PBXBuildFile; fileRef = 98A54909130D72F9003C4F0F /* TopicTests.m */; };
		98A54910130D762F003C4F0F /* Topic.m in Sources */ = {isa = PBXBuildFile; fileRef = 98A5490F130D762F003C4F0F /* Topic.m */; };
		98A54911130D762F003C4F0F /* Topic.m in Sources */ = {isa = PBXBuildFile; fileRef = 98A5490F130D762F003C4F0F /* Topic.m */; };
		98B5848F131688FD003EA838 /* PersonTests.m in Sources */ = {isa = PBXBuildFile; fileRef = 98B5848E131688FD003EA838 /* PersonTests.m */; };
		98B5849313168D6E003EA838 /* Person.m in Sources */ = {isa = PBXBuildFile; fileRef = 98B5849213168D6E003EA838 /* Person.m */; };
		98B5849413168D6E003EA838 /* Person.m in Sources */ = {isa = PBXBuildFile; fileRef = 98B5849213168D6E003EA838 /* Person.m */; };
/* End PBXBuildFile section */

/* Begin PBXContainerItemProxy section */
		98A548F3130D3ABF003C4F0F /* PBXContainerItemProxy */ = {
			isa = PBXContainerItemProxy;
			containerPortal = 98A548C2130D3ABB003C4F0F /* Project object */;
			proxyType = 1;
			remoteGlobalIDString = 98A548CA130D3ABC003C4F0F;
			remoteInfo = BrowseOverflow;
		};
/* End PBXContainerItemProxy section */

/* Begin PBXFileReference section */
		9803B9D1134328FC00FEF72D /* QuestionBuilder.h */ = {isa = PBXFileReference; fileEncoding = 4; lastKnownFileType = sourcecode.c.h; path = QuestionBuilder.h; sourceTree = "<group>"; };
		9803B9D2134328FC00FEF72D /* QuestionBuilder.m */ = {isa = PBXFileReference; fileEncoding = 4; lastKnownFileType = sourcecode.c.objc; path = QuestionBuilder.m; sourceTree = "<group>"; };
		9803B9D5134330E000FEF72D /* FakeQuestionBuilder.h */ = {isa = PBXFileReference; fileEncoding = 4; lastKnownFileType = sourcecode.c.h; path = FakeQuestionBuilder.h; sourceTree = "<group>"; };
		9803B9D6134330E000FEF72D /* FakeQuestionBuilder.m */ = {isa = PBXFileReference; fileEncoding = 4; lastKnownFileType = sourcecode.c.objc; path = FakeQuestionBuilder.m; sourceTree = "<group>"; };
		98089BC41365AABC00B4FDEC /* AnswerCreationWorkflowTests.h */ = {isa = PBXFileReference; fileEncoding = 4; lastKnownFileType = sourcecode.c.h; path = AnswerCreationWorkflowTests.h; sourceTree = "<group>"; };
		98089BC51365AABC00B4FDEC /* AnswerCreationWorkflowTests.m */ = {isa = PBXFileReference; fileEncoding = 4; lastKnownFileType = sourcecode.c.objc; path = AnswerCreationWorkflowTests.m; sourceTree = "<group>"; };
		98089BC81365BBB800B4FDEC /* AnswerBuilder.h */ = {isa = PBXFileReference; fileEncoding = 4; lastKnownFileType = sourcecode.c.h; path = AnswerBuilder.h; sourceTree = "<group>"; };
		98089BC91365BBB800B4FDEC /* AnswerBuilder.m */ = {isa = PBXFileReference; fileEncoding = 4; lastKnownFileType = sourcecode.c.objc; path = AnswerBuilder.m; sourceTree = "<group>"; };
		98089BCB1365BD3500B4FDEC /* FakeAnswerBuilder.h */ = {isa = PBXFileReference; fileEncoding = 4; lastKnownFileType = sourcecode.c.h; path = FakeAnswerBuilder.h; sourceTree = "<group>"; };
		98089BCC1365BD3500B4FDEC /* FakeAnswerBuilder.m */ = {isa = PBXFileReference; fileEncoding = 4; lastKnownFileType = sourcecode.c.objc; path = FakeAnswerBuilder.m; sourceTree = "<group>"; };
		9809BE3A1349CA28008B4136 /* JSON.h */ = {isa = PBXFileReference; fileEncoding = 4; lastKnownFileType = sourcecode.c.h; name = JSON.h; path = "../../json-framework/Classes/JSON.h"; sourceTree = "<group>"; };
		9809BE3B1349CA28008B4136 /* NSObject+JSON.h */ = {isa = PBXFileReference; fileEncoding = 4; lastKnownFileType = sourcecode.c.h; name = "NSObject+JSON.h"; path = "../../json-framework/Classes/NSObject+JSON.h"; sourceTree = "<group>"; };
		9809BE3C1349CA28008B4136 /* SBJsonWriter.h */ = {isa = PBXFileReference; fileEncoding = 4; lastKnownFileType = sourcecode.c.h; name = SBJsonWriter.h; path = "../../json-framework/Classes/SBJsonWriter.h"; sourceTree = "<group>"; };
		9809BE3D1349CA28008B4136 /* SBJsonStreamWriter.h */ = {isa = PBXFileReference; fileEncoding = 4; lastKnownFileType = sourcecode.c.h; name = SBJsonStreamWriter.h; path = "../../json-framework/Classes/SBJsonStreamWriter.h"; sourceTree = "<group>"; };
		9809BE3E1349CA28008B4136 /* SBJsonParser.h */ = {isa = PBXFileReference; fileEncoding = 4; lastKnownFileType = sourcecode.c.h; name = SBJsonParser.h; path = "../../json-framework/Classes/SBJsonParser.h"; sourceTree = "<group>"; };
		9809BE3F1349CA28008B4136 /* SBJsonStreamParser.h */ = {isa = PBXFileReference; fileEncoding = 4; lastKnownFileType = sourcecode.c.h; name = SBJsonStreamParser.h; path = "../../json-framework/Classes/SBJsonStreamParser.h"; sourceTree = "<group>"; };
		9809BE401349CA28008B4136 /* SBJsonStreamParserAdapter.h */ = {isa = PBXFileReference; fileEncoding = 4; lastKnownFileType = sourcecode.c.h; name = SBJsonStreamParserAdapter.h; path = "../../json-framework/Classes/SBJsonStreamParserAdapter.h"; sourceTree = "<group>"; };
		9809BE481349CAF4008B4136 /* NSObject+JSON.m */ = {isa = PBXFileReference; fileEncoding = 4; lastKnownFileType = sourcecode.c.objc; name = "NSObject+JSON.m"; path = "../../json-framework/Classes/NSObject+JSON.m"; sourceTree = "<group>"; };
		9809BE491349CAF4008B4136 /* SBJsonWriter.m */ = {isa = PBXFileReference; fileEncoding = 4; lastKnownFileType = sourcecode.c.objc; name = SBJsonWriter.m; path = "../../json-framework/Classes/SBJsonWriter.m"; sourceTree = "<group>"; };
		9809BE4A1349CAF4008B4136 /* SBJsonStreamWriter.m */ = {isa = PBXFileReference; fileEncoding = 4; lastKnownFileType = sourcecode.c.objc; name = SBJsonStreamWriter.m; path = "../../json-framework/Classes/SBJsonStreamWriter.m"; sourceTree = "<group>"; };
		9809BE4B1349CAF4008B4136 /* SBJsonStreamWriterState.h */ = {isa = PBXFileReference; fileEncoding = 4; lastKnownFileType = sourcecode.c.h; name = SBJsonStreamWriterState.h; path = "../../json-framework/Classes/SBJsonStreamWriterState.h"; sourceTree = "<group>"; };
		9809BE4C1349CAF4008B4136 /* SBJsonStreamWriterState.m */ = {isa = PBXFileReference; fileEncoding = 4; lastKnownFileType = sourcecode.c.objc; name = SBJsonStreamWriterState.m; path = "../../json-framework/Classes/SBJsonStreamWriterState.m"; sourceTree = "<group>"; };
		9809BE4D1349CAF4008B4136 /* SBJsonTokeniser.h */ = {isa = PBXFileReference; fileEncoding = 4; lastKnownFileType = sourcecode.c.h; name = SBJsonTokeniser.h; path = "../../json-framework/Classes/SBJsonTokeniser.h"; sourceTree = "<group>"; };
		9809BE4E1349CAF4008B4136 /* SBJsonTokeniser.m */ = {isa = PBXFileReference; fileEncoding = 4; lastKnownFileType = sourcecode.c.objc; name = SBJsonTokeniser.m; path = "../../json-framework/Classes/SBJsonTokeniser.m"; sourceTree = "<group>"; };
		9809BE4F1349CAF4008B4136 /* SBJsonParser.m */ = {isa = PBXFileReference; fileEncoding = 4; lastKnownFileType = sourcecode.c.objc; name = SBJsonParser.m; path = "../../json-framework/Classes/SBJsonParser.m"; sourceTree = "<group>"; };
		9809BE501349CAF4008B4136 /* SBJsonStreamParser.m */ = {isa = PBXFileReference; fileEncoding = 4; lastKnownFileType = sourcecode.c.objc; name = SBJsonStreamParser.m; path = "../../json-framework/Classes/SBJsonStreamParser.m"; sourceTree = "<group>"; };
		9809BE511349CAF4008B4136 /* SBJsonStreamParserState.h */ = {isa = PBXFileReference; fileEncoding = 4; lastKnownFileType = sourcecode.c.h; name = SBJsonStreamParserState.h; path = "../../json-framework/Classes/SBJsonStreamParserState.h"; sourceTree = "<group>"; };
		9809BE521349CAF4008B4136 /* SBJsonStreamParserState.m */ = {isa = PBXFileReference; fileEncoding = 4; lastKnownFileType = sourcecode.c.objc; name = SBJsonStreamParserState.m; path = "../../json-framework/Classes/SBJsonStreamParserState.m"; sourceTree = "<group>"; };
		9809BE531349CAF4008B4136 /* SBJsonStreamParserAdapter.m */ = {isa = PBXFileReference; fileEncoding = 4; lastKnownFileType = sourcecode.c.objc; name = SBJsonStreamParserAdapter.m; path = "../../json-framework/Classes/SBJsonStreamParserAdapter.m"; sourceTree = "<group>"; };
		9818AB8013181B6E00479006 /* AnswerTests.h */ = {isa = PBXFileReference; fileEncoding = 4; lastKnownFileType = sourcecode.c.h; path = AnswerTests.h; sourceTree = "<group>"; };
		9818AB8113181B6E00479006 /* AnswerTests.m */ = {isa = PBXFileReference; fileEncoding = 4; lastKnownFileType = sourcecode.c.objc; path = AnswerTests.m; sourceTree = "<group>"; };
		9818AB8413181CA700479006 /* Answer.h */ = {isa = PBXFileReference; fileEncoding = 4; lastKnownFileType = sourcecode.c.h; path = Answer.h; sourceTree = "<group>"; };
		9818AB8513181CA700479006 /* Answer.m */ = {isa = PBXFileReference; fileEncoding = 4; lastKnownFileType = sourcecode.c.objc; path = Answer.m; sourceTree = "<group>"; };
		982341EC1345D888005E14B5 /* QuestionBuilderTests.h */ = {isa = PBXFileReference; fileEncoding = 4; lastKnownFileType = sourcecode.c.h; path = QuestionBuilderTests.h; sourceTree = "<group>"; };
		982341ED1345D888005E14B5 /* QuestionBuilderTests.m */ = {isa = PBXFileReference; fileEncoding = 4; lastKnownFileType = sourcecode.c.objc; path = QuestionBuilderTests.m; sourceTree = "<group>"; };
		9829C11B1312B1570070C733 /* QuestionTests.h */ = {isa = PBXFileReference; fileEncoding = 4; lastKnownFileType = sourcecode.c.h; path = QuestionTests.h; sourceTree = "<group>"; };
		9829C11C1312B1570070C733 /* QuestionTests.m */ = {isa = PBXFileReference; fileEncoding = 4; lastKnownFileType = sourcecode.c.objc; path = QuestionTests.m; sourceTree = "<group>"; };
		9829C11F1312B75A0070C733 /* Question.h */ = {isa = PBXFileReference; fileEncoding = 4; lastKnownFileType = sourcecode.c.h; path = Question.h; sourceTree = "<group>"; };
		9829C1201312B75A0070C733 /* Question.m */ = {isa = PBXFileReference; fileEncoding = 4; lastKnownFileType = sourcecode.c.objc; path = Question.m; sourceTree = "<group>"; };
		9868E91E132E32F800AEF519 /* QuestionCreationWorkflowTests.h */ = {isa = PBXFileReference; fileEncoding = 4; lastKnownFileType = sourcecode.c.h; path = QuestionCreationWorkflowTests.h; sourceTree = "<group>"; };
		9868E91F132E32F800AEF519 /* QuestionCreationWorkflowTests.m */ = {isa = PBXFileReference; fileEncoding = 4; lastKnownFileType = sourcecode.c.objc; path = QuestionCreationWorkflowTests.m; sourceTree = "<group>"; };
		9868E921132E578600AEF519 /* StackOverflowManager.h */ = {isa = PBXFileReference; fileEncoding = 4; lastKnownFileType = sourcecode.c.h; path = StackOverflowManager.h; sourceTree = "<group>"; };
		9868E922132E578600AEF519 /* StackOverflowManager.m */ = {isa = PBXFileReference; fileEncoding = 4; lastKnownFileType = sourcecode.c.objc; path = StackOverflowManager.m; sourceTree = "<group>"; };
		9868E925132E5AA900AEF519 /* StackOverflowManagerDelegate.h */ = {isa = PBXFileReference; fileEncoding = 4; lastKnownFileType = sourcecode.c.h; path = StackOverflowManagerDelegate.h; sourceTree = "<group>"; };
		9868E927132E63C300AEF519 /* MockStackOverflowManagerDelegate.h */ = {isa = PBXFileReference; fileEncoding = 4; lastKnownFileType = sourcecode.c.h; path = MockStackOverflowManagerDelegate.h; sourceTree = "<group>"; };
		9868E928132E63C300AEF519 /* MockStackOverflowManagerDelegate.m */ = {isa = PBXFileReference; fileEncoding = 4; lastKnownFileType = sourcecode.c.objc; path = MockStackOverflowManagerDelegate.m; sourceTree = "<group>"; };
		9893838913325E6E004F79F1 /* StackOverflowCommunicator.h */ = {isa = PBXFileReference; fileEncoding = 4; lastKnownFileType = sourcecode.c.h; path = StackOverflowCommunicator.h; sourceTree = "<group>"; };
		9893838A13325E6E004F79F1 /* StackOverflowCommunicator.m */ = {isa = PBXFileReference; fileEncoding = 4; lastKnownFileType = sourcecode.c.objc; path = StackOverflowCommunicator.m; sourceTree = "<group>"; };
		9893838E133267A3004F79F1 /* MockStackOverflowCommunicator.h */ = {isa = PBXFileReference; fileEncoding = 4; lastKnownFileType = sourcecode.c.h; path = MockStackOverflowCommunicator.h; sourceTree = "<group>"; };
		9893838F133267A3004F79F1 /* MockStackOverflowCommunicator.m */ = {isa = PBXFileReference; fileEncoding = 4; lastKnownFileType = sourcecode.c.objc; path = MockStackOverflowCommunicator.m; sourceTree = "<group>"; };
		98A548CB130D3ABC003C4F0F /* BrowseOverflow.app */ = {isa = PBXFileReference; explicitFileType = wrapper.application; includeInIndex = 0; path = BrowseOverflow.app; sourceTree = BUILT_PRODUCTS_DIR; };
		98A548CF130D3ABC003C4F0F /* UIKit.framework */ = {isa = PBXFileReference; lastKnownFileType = wrapper.framework; name = UIKit.framework; path = System/Library/Frameworks/UIKit.framework; sourceTree = SDKROOT; };
		98A548D1130D3ABC003C4F0F /* Foundation.framework */ = {isa = PBXFileReference; lastKnownFileType = wrapper.framework; name = Foundation.framework; path = System/Library/Frameworks/Foundation.framework; sourceTree = SDKROOT; };
		98A548D3130D3ABC003C4F0F /* CoreGraphics.framework */ = {isa = PBXFileReference; lastKnownFileType = wrapper.framework; name = CoreGraphics.framework; path = System/Library/Frameworks/CoreGraphics.framework; sourceTree = SDKROOT; };
		98A548D7130D3ABC003C4F0F /* BrowseOverflow-Info.plist */ = {isa = PBXFileReference; lastKnownFileType = text.plist.xml; path = "BrowseOverflow-Info.plist"; sourceTree = "<group>"; };
		98A548D9130D3ABD003C4F0F /* en */ = {isa = PBXFileReference; lastKnownFileType = text.plist.strings; name = en; path = en.lproj/InfoPlist.strings; sourceTree = "<group>"; };
		98A548DB130D3ABD003C4F0F /* BrowseOverflow-Prefix.pch */ = {isa = PBXFileReference; lastKnownFileType = sourcecode.c.h; path = "BrowseOverflow-Prefix.pch"; sourceTree = "<group>"; };
		98A548DC130D3ABD003C4F0F /* main.m */ = {isa = PBXFileReference; lastKnownFileType = sourcecode.c.objc; path = main.m; sourceTree = "<group>"; };
		98A548DE130D3ABD003C4F0F /* BrowseOverflowAppDelegate.h */ = {isa = PBXFileReference; lastKnownFileType = sourcecode.c.h; path = BrowseOverflowAppDelegate.h; sourceTree = "<group>"; };
		98A548DF130D3ABD003C4F0F /* BrowseOverflowAppDelegate.m */ = {isa = PBXFileReference; lastKnownFileType = sourcecode.c.objc; path = BrowseOverflowAppDelegate.m; sourceTree = "<group>"; };
		98A548E2130D3ABE003C4F0F /* en */ = {isa = PBXFileReference; lastKnownFileType = file.xib; name = en; path = en.lproj/MainWindow.xib; sourceTree = "<group>"; };
		98A548E4130D3ABE003C4F0F /* RootViewController.h */ = {isa = PBXFileReference; lastKnownFileType = sourcecode.c.h; path = RootViewController.h; sourceTree = "<group>"; };
		98A548E5130D3ABE003C4F0F /* RootViewController.m */ = {isa = PBXFileReference; lastKnownFileType = sourcecode.c.objc; path = RootViewController.m; sourceTree = "<group>"; };
		98A548E8130D3ABE003C4F0F /* en */ = {isa = PBXFileReference; lastKnownFileType = file.xib; name = en; path = en.lproj/RootViewController.xib; sourceTree = "<group>"; };
		98A548EF130D3ABF003C4F0F /* BrowseOverflowTests.octest */ = {isa = PBXFileReference; explicitFileType = wrapper.cfbundle; includeInIndex = 0; path = BrowseOverflowTests.octest; sourceTree = BUILT_PRODUCTS_DIR; };
		98A548F7130D3ABF003C4F0F /* BrowseOverflowTests-Info.plist */ = {isa = PBXFileReference; lastKnownFileType = text.plist.xml; path = "BrowseOverflowTests-Info.plist"; sourceTree = "<group>"; };
		98A548F9130D3ABF003C4F0F /* en */ = {isa = PBXFileReference; lastKnownFileType = text.plist.strings; name = en; path = en.lproj/InfoPlist.strings; sourceTree = "<group>"; };
		98A548FB130D3ABF003C4F0F /* BrowseOverflowTests-Prefix.pch */ = {isa = PBXFileReference; lastKnownFileType = sourcecode.c.h; path = "BrowseOverflowTests-Prefix.pch"; sourceTree = "<group>"; };
		98A548FC130D3ABF003C4F0F /* BrowseOverflowTests.h */ = {isa = PBXFileReference; lastKnownFileType = sourcecode.c.h; path = BrowseOverflowTests.h; sourceTree = "<group>"; };
		98A548FE130D3ABF003C4F0F /* BrowseOverflowTests.m */ = {isa = PBXFileReference; lastKnownFileType = sourcecode.c.objc; path = BrowseOverflowTests.m; sourceTree = "<group>"; };
		98A54908130D72F9003C4F0F /* TopicTests.h */ = {isa = PBXFileReference; fileEncoding = 4; lastKnownFileType = sourcecode.c.h; path = TopicTests.h; sourceTree = "<group>"; };
		98A54909130D72F9003C4F0F /* TopicTests.m */ = {isa = PBXFileReference; fileEncoding = 4; lastKnownFileType = sourcecode.c.objc; path = TopicTests.m; sourceTree = "<group>"; };
		98A5490E130D762F003C4F0F /* Topic.h */ = {isa = PBXFileReference; fileEncoding = 4; lastKnownFileType = sourcecode.c.h; path = Topic.h; sourceTree = "<group>"; };
		98A5490F130D762F003C4F0F /* Topic.m */ = {isa = PBXFileReference; fileEncoding = 4; lastKnownFileType = sourcecode.c.objc; path = Topic.m; sourceTree = "<group>"; };
		98B5848D131688FD003EA838 /* PersonTests.h */ = {isa = PBXFileReference; fileEncoding = 4; lastKnownFileType = sourcecode.c.h; path = PersonTests.h; sourceTree = "<group>"; };
		98B5848E131688FD003EA838 /* PersonTests.m */ = {isa = PBXFileReference; fileEncoding = 4; lastKnownFileType = sourcecode.c.objc; path = PersonTests.m; sourceTree = "<group>"; };
		98B5849113168D6E003EA838 /* Person.h */ = {isa = PBXFileReference; fileEncoding = 4; lastKnownFileType = sourcecode.c.h; path = Person.h; sourceTree = "<group>"; };
		98B5849213168D6E003EA838 /* Person.m */ = {isa = PBXFileReference; fileEncoding = 4; lastKnownFileType = sourcecode.c.objc; path = Person.m; sourceTree = "<group>"; };
/* End PBXFileReference section */

/* Begin PBXFrameworksBuildPhase section */
		98A548C8130D3ABC003C4F0F /* Frameworks */ = {
			isa = PBXFrameworksBuildPhase;
			buildActionMask = 2147483647;
			files = (
				98A548D0130D3ABC003C4F0F /* UIKit.framework in Frameworks */,
				98A548D2130D3ABC003C4F0F /* Foundation.framework in Frameworks */,
				98A548D4130D3ABC003C4F0F /* CoreGraphics.framework in Frameworks */,
			);
			runOnlyForDeploymentPostprocessing = 0;
		};
		98A548EB130D3ABF003C4F0F /* Frameworks */ = {
			isa = PBXFrameworksBuildPhase;
			buildActionMask = 2147483647;
			files = (
				98A548F0130D3ABF003C4F0F /* UIKit.framework in Frameworks */,
				98A548F1130D3ABF003C4F0F /* Foundation.framework in Frameworks */,
				98A548F2130D3ABF003C4F0F /* CoreGraphics.framework in Frameworks */,
			);
			runOnlyForDeploymentPostprocessing = 0;
		};
/* End PBXFrameworksBuildPhase section */

/* Begin PBXGroup section */
		9868E926132E63A400AEF519 /* Mocks, Fakes Stubs */ = {
			isa = PBXGroup;
			children = (
				9868E927132E63C300AEF519 /* MockStackOverflowManagerDelegate.h */,
				9868E928132E63C300AEF519 /* MockStackOverflowManagerDelegate.m */,
				9893838E133267A3004F79F1 /* MockStackOverflowCommunicator.h */,
				9893838F133267A3004F79F1 /* MockStackOverflowCommunicator.m */,
				9803B9D5134330E000FEF72D /* FakeQuestionBuilder.h */,
				9803B9D6134330E000FEF72D /* FakeQuestionBuilder.m */,
				98089BCB1365BD3500B4FDEC /* FakeAnswerBuilder.h */,
				98089BCC1365BD3500B4FDEC /* FakeAnswerBuilder.m */,
			);
			name = "Mocks, Fakes Stubs";
			sourceTree = "<group>";
		};
		98A548C0130D3ABB003C4F0F = {
			isa = PBXGroup;
			children = (
				98A548D5130D3ABC003C4F0F /* BrowseOverflow */,
				98A548F5130D3ABF003C4F0F /* BrowseOverflowTests */,
				98A548CE130D3ABC003C4F0F /* Frameworks */,
				98A548CC130D3ABC003C4F0F /* Products */,
			);
			sourceTree = "<group>";
		};
		98A548CC130D3ABC003C4F0F /* Products */ = {
			isa = PBXGroup;
			children = (
				98A548CB130D3ABC003C4F0F /* BrowseOverflow.app */,
				98A548EF130D3ABF003C4F0F /* BrowseOverflowTests.octest */,
			);
			name = Products;
			sourceTree = "<group>";
		};
		98A548CE130D3ABC003C4F0F /* Frameworks */ = {
			isa = PBXGroup;
			children = (
				98A548CF130D3ABC003C4F0F /* UIKit.framework */,
				98A548D1130D3ABC003C4F0F /* Foundation.framework */,
				98A548D3130D3ABC003C4F0F /* CoreGraphics.framework */,
			);
			name = Frameworks;
			sourceTree = "<group>";
		};
		98A548D5130D3ABC003C4F0F /* BrowseOverflow */ = {
			isa = PBXGroup;
			children = (
				98A548DE130D3ABD003C4F0F /* BrowseOverflowAppDelegate.h */,
				98A548DF130D3ABD003C4F0F /* BrowseOverflowAppDelegate.m */,
				98A548E1130D3ABE003C4F0F /* MainWindow.xib */,
				98A548E4130D3ABE003C4F0F /* RootViewController.h */,
				98A548E5130D3ABE003C4F0F /* RootViewController.m */,
				98A548E7130D3ABE003C4F0F /* RootViewController.xib */,
				98A548D6130D3ABC003C4F0F /* Supporting Files */,
				98A5490E130D762F003C4F0F /* Topic.h */,
				98A5490F130D762F003C4F0F /* Topic.m */,
				9829C11F1312B75A0070C733 /* Question.h */,
				9829C1201312B75A0070C733 /* Question.m */,
				98B5849113168D6E003EA838 /* Person.h */,
				98B5849213168D6E003EA838 /* Person.m */,
				9818AB8413181CA700479006 /* Answer.h */,
				9818AB8513181CA700479006 /* Answer.m */,
				9868E921132E578600AEF519 /* StackOverflowManager.h */,
				9868E925132E5AA900AEF519 /* StackOverflowManagerDelegate.h */,
				9868E922132E578600AEF519 /* StackOverflowManager.m */,
				9893838913325E6E004F79F1 /* StackOverflowCommunicator.h */,
				9893838A13325E6E004F79F1 /* StackOverflowCommunicator.m */,
				9803B9D1134328FC00FEF72D /* QuestionBuilder.h */,
				9803B9D2134328FC00FEF72D /* QuestionBuilder.m */,
				98089BC81365BBB800B4FDEC /* AnswerBuilder.h */,
				98089BC91365BBB800B4FDEC /* AnswerBuilder.m */,
			);
			path = BrowseOverflow;
			sourceTree = "<group>";
		};
		98A548D6130D3ABC003C4F0F /* Supporting Files */ = {
			isa = PBXGroup;
			children = (
				9809BE3A1349CA28008B4136 /* JSON.h */,
				9809BE3B1349CA28008B4136 /* NSObject+JSON.h */,
				9809BE3C1349CA28008B4136 /* SBJsonWriter.h */,
				9809BE3D1349CA28008B4136 /* SBJsonStreamWriter.h */,
				9809BE3E1349CA28008B4136 /* SBJsonParser.h */,
				9809BE3F1349CA28008B4136 /* SBJsonStreamParser.h */,
				9809BE401349CA28008B4136 /* SBJsonStreamParserAdapter.h */,
				9809BE481349CAF4008B4136 /* NSObject+JSON.m */,
				9809BE491349CAF4008B4136 /* SBJsonWriter.m */,
				9809BE4A1349CAF4008B4136 /* SBJsonStreamWriter.m */,
				9809BE4B1349CAF4008B4136 /* SBJsonStreamWriterState.h */,
				9809BE4C1349CAF4008B4136 /* SBJsonStreamWriterState.m */,
				9809BE4D1349CAF4008B4136 /* SBJsonTokeniser.h */,
				9809BE4E1349CAF4008B4136 /* SBJsonTokeniser.m */,
				9809BE4F1349CAF4008B4136 /* SBJsonParser.m */,
				9809BE501349CAF4008B4136 /* SBJsonStreamParser.m */,
				9809BE511349CAF4008B4136 /* SBJsonStreamParserState.h */,
				9809BE521349CAF4008B4136 /* SBJsonStreamParserState.m */,
				9809BE531349CAF4008B4136 /* SBJsonStreamParserAdapter.m */,
				98A548D7130D3ABC003C4F0F /* BrowseOverflow-Info.plist */,
				98A548D8130D3ABD003C4F0F /* InfoPlist.strings */,
				98A548DB130D3ABD003C4F0F /* BrowseOverflow-Prefix.pch */,
				98A548DC130D3ABD003C4F0F /* main.m */,
			);
			name = "Supporting Files";
			sourceTree = "<group>";
		};
		98A548F5130D3ABF003C4F0F /* BrowseOverflowTests */ = {
			isa = PBXGroup;
			children = (
				9868E926132E63A400AEF519 /* Mocks, Fakes Stubs */,
				98A548FC130D3ABF003C4F0F /* BrowseOverflowTests.h */,
				98A548FE130D3ABF003C4F0F /* BrowseOverflowTests.m */,
				98A548F6130D3ABF003C4F0F /* Supporting Files */,
				98A54908130D72F9003C4F0F /* TopicTests.h */,
				98A54909130D72F9003C4F0F /* TopicTests.m */,
				9829C11B1312B1570070C733 /* QuestionTests.h */,
				9829C11C1312B1570070C733 /* QuestionTests.m */,
				98B5848D131688FD003EA838 /* PersonTests.h */,
				98B5848E131688FD003EA838 /* PersonTests.m */,
				9818AB8013181B6E00479006 /* AnswerTests.h */,
				9818AB8113181B6E00479006 /* AnswerTests.m */,
				9868E91E132E32F800AEF519 /* QuestionCreationWorkflowTests.h */,
				9868E91F132E32F800AEF519 /* QuestionCreationWorkflowTests.m */,
				982341EC1345D888005E14B5 /* QuestionBuilderTests.h */,
				982341ED1345D888005E14B5 /* QuestionBuilderTests.m */,
				98089BC41365AABC00B4FDEC /* AnswerCreationWorkflowTests.h */,
				98089BC51365AABC00B4FDEC /* AnswerCreationWorkflowTests.m */,
			);
			path = BrowseOverflowTests;
			sourceTree = "<group>";
		};
		98A548F6130D3ABF003C4F0F /* Supporting Files */ = {
			isa = PBXGroup;
			children = (
				98A548F7130D3ABF003C4F0F /* BrowseOverflowTests-Info.plist */,
				98A548F8130D3ABF003C4F0F /* InfoPlist.strings */,
				98A548FB130D3ABF003C4F0F /* BrowseOverflowTests-Prefix.pch */,
			);
			name = "Supporting Files";
			sourceTree = "<group>";
		};
/* End PBXGroup section */

/* Begin PBXNativeTarget section */
		98A548CA130D3ABC003C4F0F /* BrowseOverflow */ = {
			isa = PBXNativeTarget;
			buildConfigurationList = 98A54902130D3ABF003C4F0F /* Build configuration list for PBXNativeTarget "BrowseOverflow" */;
			buildPhases = (
				98A548C7130D3ABC003C4F0F /* Sources */,
				98A548C8130D3ABC003C4F0F /* Frameworks */,
				98A548C9130D3ABC003C4F0F /* Resources */,
			);
			buildRules = (
			);
			dependencies = (
			);
			name = BrowseOverflow;
			productName = BrowseOverflow;
			productReference = 98A548CB130D3ABC003C4F0F /* BrowseOverflow.app */;
			productType = "com.apple.product-type.application";
		};
		98A548EE130D3ABF003C4F0F /* BrowseOverflowTests */ = {
			isa = PBXNativeTarget;
			buildConfigurationList = 98A54905130D3ABF003C4F0F /* Build configuration list for PBXNativeTarget "BrowseOverflowTests" */;
			buildPhases = (
				98A548EA130D3ABF003C4F0F /* Sources */,
				98A548EB130D3ABF003C4F0F /* Frameworks */,
				98A548EC130D3ABF003C4F0F /* Resources */,
				98A548ED130D3ABF003C4F0F /* ShellScript */,
			);
			buildRules = (
			);
			dependencies = (
				98A548F4130D3ABF003C4F0F /* PBXTargetDependency */,
			);
			name = BrowseOverflowTests;
			productName = BrowseOverflowTests;
			productReference = 98A548EF130D3ABF003C4F0F /* BrowseOverflowTests.octest */;
			productType = "com.apple.product-type.bundle";
		};
/* End PBXNativeTarget section */

/* Begin PBXProject section */
		98A548C2130D3ABB003C4F0F /* Project object */ = {
			isa = PBXProject;
			attributes = {
				ORGANIZATIONNAME = "Fuzzy Aliens Ltd.";
			};
			buildConfigurationList = 98A548C5130D3ABB003C4F0F /* Build configuration list for PBXProject "BrowseOverflow" */;
			compatibilityVersion = "Xcode 3.2";
			developmentRegion = English;
			hasScannedForEncodings = 0;
			knownRegions = (
				en,
			);
			mainGroup = 98A548C0130D3ABB003C4F0F;
			productRefGroup = 98A548CC130D3ABC003C4F0F /* Products */;
			projectDirPath = "";
			projectRoot = "";
			targets = (
				98A548CA130D3ABC003C4F0F /* BrowseOverflow */,
				98A548EE130D3ABF003C4F0F /* BrowseOverflowTests */,
			);
		};
/* End PBXProject section */

/* Begin PBXResourcesBuildPhase section */
		98A548C9130D3ABC003C4F0F /* Resources */ = {
			isa = PBXResourcesBuildPhase;
			buildActionMask = 2147483647;
			files = (
				98A548DA130D3ABD003C4F0F /* InfoPlist.strings in Resources */,
				98A548E3130D3ABE003C4F0F /* MainWindow.xib in Resources */,
				98A548E9130D3ABE003C4F0F /* RootViewController.xib in Resources */,
			);
			runOnlyForDeploymentPostprocessing = 0;
		};
		98A548EC130D3ABF003C4F0F /* Resources */ = {
			isa = PBXResourcesBuildPhase;
			buildActionMask = 2147483647;
			files = (
				98A548FA130D3ABF003C4F0F /* InfoPlist.strings in Resources */,
				98A548FD130D3ABF003C4F0F /* BrowseOverflowTests.h in Resources */,
			);
			runOnlyForDeploymentPostprocessing = 0;
		};
/* End PBXResourcesBuildPhase section */

/* Begin PBXShellScriptBuildPhase section */
		98A548ED130D3ABF003C4F0F /* ShellScript */ = {
			isa = PBXShellScriptBuildPhase;
			buildActionMask = 2147483647;
			files = (
			);
			inputPaths = (
			);
			outputPaths = (
			);
			runOnlyForDeploymentPostprocessing = 0;
			shellPath = /bin/sh;
			shellScript = "# Run the unit tests in this test bundle.\n\"${SYSTEM_DEVELOPER_DIR}/Tools/RunUnitTests\"\n";
		};
/* End PBXShellScriptBuildPhase section */

/* Begin PBXSourcesBuildPhase section */
		98A548C7130D3ABC003C4F0F /* Sources */ = {
			isa = PBXSourcesBuildPhase;
			buildActionMask = 2147483647;
			files = (
				98A548DD130D3ABD003C4F0F /* main.m in Sources */,
				98A548E0130D3ABD003C4F0F /* BrowseOverflowAppDelegate.m in Sources */,
				98A548E6130D3ABE003C4F0F /* RootViewController.m in Sources */,
				98A54910130D762F003C4F0F /* Topic.m in Sources */,
				9829C1211312B75A0070C733 /* Question.m in Sources */,
				98B5849313168D6E003EA838 /* Person.m in Sources */,
				9818AB8613181CA700479006 /* Answer.m in Sources */,
				9868E923132E578600AEF519 /* StackOverflowManager.m in Sources */,
				9893838B13325E6E004F79F1 /* StackOverflowCommunicator.m in Sources */,
				9803B9D3134328FC00FEF72D /* QuestionBuilder.m in Sources */,
				9809BE541349CAF4008B4136 /* NSObject+JSON.m in Sources */,
				9809BE551349CAF4008B4136 /* SBJsonWriter.m in Sources */,
				9809BE561349CAF4008B4136 /* SBJsonStreamWriter.m in Sources */,
				9809BE571349CAF4008B4136 /* SBJsonStreamWriterState.m in Sources */,
				9809BE581349CAF4008B4136 /* SBJsonTokeniser.m in Sources */,
				9809BE591349CAF4008B4136 /* SBJsonParser.m in Sources */,
				9809BE5A1349CAF4008B4136 /* SBJsonStreamParser.m in Sources */,
				9809BE5B1349CAF4008B4136 /* SBJsonStreamParserState.m in Sources */,
				9809BE5C1349CAF4008B4136 /* SBJsonStreamParserAdapter.m in Sources */,
				98089BCA1365BBB800B4FDEC /* AnswerBuilder.m in Sources */,
			);
			runOnlyForDeploymentPostprocessing = 0;
		};
		98A548EA130D3ABF003C4F0F /* Sources */ = {
			isa = PBXSourcesBuildPhase;
			buildActionMask = 2147483647;
			files = (
				98A548FF130D3ABF003C4F0F /* BrowseOverflowTests.m in Sources */,
				98A5490A130D72F9003C4F0F /* TopicTests.m in Sources */,
				98A54911130D762F003C4F0F /* Topic.m in Sources */,
				9829C11D1312B1570070C733 /* QuestionTests.m in Sources */,
				9829C1221312B75A0070C733 /* Question.m in Sources */,
				98B5848F131688FD003EA838 /* PersonTests.m in Sources */,
				98B5849413168D6E003EA838 /* Person.m in Sources */,
				9818AB8213181B6E00479006 /* AnswerTests.m in Sources */,
				9818AB8713181CA700479006 /* Answer.m in Sources */,
				9868E920132E32F800AEF519 /* QuestionCreationWorkflowTests.m in Sources */,
				9868E924132E578600AEF519 /* StackOverflowManager.m in Sources */,
				9868E929132E63C300AEF519 /* MockStackOverflowManagerDelegate.m in Sources */,
				9893838C13325E6E004F79F1 /* StackOverflowCommunicator.m in Sources */,
				98938390133267A3004F79F1 /* MockStackOverflowCommunicator.m in Sources */,
				9803B9D4134328FC00FEF72D /* QuestionBuilder.m in Sources */,
				9803B9D7134330E000FEF72D /* FakeQuestionBuilder.m in Sources */,
				982341EE1345D888005E14B5 /* QuestionBuilderTests.m in Sources */,
				98089BC61365AABC00B4FDEC /* AnswerCreationWorkflowTests.m in Sources */,
				98089BCD1365BD3500B4FDEC /* FakeAnswerBuilder.m in Sources */,
				98089BCE1365BE5100B4FDEC /* AnswerBuilder.m in Sources */,
			);
			runOnlyForDeploymentPostprocessing = 0;
		};
/* End PBXSourcesBuildPhase section */

/* Begin PBXTargetDependency section */
		98A548F4130D3ABF003C4F0F /* PBXTargetDependency */ = {
			isa = PBXTargetDependency;
			target = 98A548CA130D3ABC003C4F0F /* BrowseOverflow */;
			targetProxy = 98A548F3130D3ABF003C4F0F /* PBXContainerItemProxy */;
		};
/* End PBXTargetDependency section */

/* Begin PBXVariantGroup section */
		98A548D8130D3ABD003C4F0F /* InfoPlist.strings */ = {
			isa = PBXVariantGroup;
			children = (
				98A548D9130D3ABD003C4F0F /* en */,
			);
			name = InfoPlist.strings;
			sourceTree = "<group>";
		};
		98A548E1130D3ABE003C4F0F /* MainWindow.xib */ = {
			isa = PBXVariantGroup;
			children = (
				98A548E2130D3ABE003C4F0F /* en */,
			);
			name = MainWindow.xib;
			sourceTree = "<group>";
		};
		98A548E7130D3ABE003C4F0F /* RootViewController.xib */ = {
			isa = PBXVariantGroup;
			children = (
				98A548E8130D3ABE003C4F0F /* en */,
			);
			name = RootViewController.xib;
			sourceTree = "<group>";
		};
		98A548F8130D3ABF003C4F0F /* InfoPlist.strings */ = {
			isa = PBXVariantGroup;
			children = (
				98A548F9130D3ABF003C4F0F /* en */,
			);
			name = InfoPlist.strings;
			sourceTree = "<group>";
		};
/* End PBXVariantGroup section */

/* Begin XCBuildConfiguration section */
		98A54900130D3ABF003C4F0F /* Debug */ = {
			isa = XCBuildConfiguration;
			buildSettings = {
				ARCHS = "$(ARCHS_STANDARD_32_BIT)";
				"CODE_SIGN_IDENTITY[sdk=iphoneos*]" = "iPhone Developer";
				GCC_C_LANGUAGE_STANDARD = gnu99;
				GCC_OPTIMIZATION_LEVEL = 0;
				GCC_PREPROCESSOR_DEFINITIONS = DEBUG;
				GCC_VERSION = com.apple.compilers.llvmgcc42;
				GCC_WARN_ABOUT_RETURN_TYPE = YES;
				GCC_WARN_UNUSED_VARIABLE = YES;
				IPHONEOS_DEPLOYMENT_TARGET = 4.2;
				SDKROOT = iphoneos;
			};
			name = Debug;
		};
		98A54901130D3ABF003C4F0F /* Release */ = {
			isa = XCBuildConfiguration;
			buildSettings = {
				ARCHS = "$(ARCHS_STANDARD_32_BIT)";
				"CODE_SIGN_IDENTITY[sdk=iphoneos*]" = "iPhone Developer";
				GCC_C_LANGUAGE_STANDARD = gnu99;
				GCC_VERSION = com.apple.compilers.llvmgcc42;
				GCC_WARN_ABOUT_RETURN_TYPE = YES;
				GCC_WARN_UNUSED_VARIABLE = YES;
				IPHONEOS_DEPLOYMENT_TARGET = 4.2;
				OTHER_CFLAGS = "-DNS_BLOCK_ASSERTIONS=1";
				SDKROOT = iphoneos;
			};
			name = Release;
		};
		98A54903130D3ABF003C4F0F /* Debug */ = {
			isa = XCBuildConfiguration;
			buildSettings = {
				ALWAYS_SEARCH_USER_PATHS = NO;
				COPY_PHASE_STRIP = NO;
				GCC_DYNAMIC_NO_PIC = NO;
				GCC_PRECOMPILE_PREFIX_HEADER = YES;
				GCC_PREFIX_HEADER = "BrowseOverflow/BrowseOverflow-Prefix.pch";
				INFOPLIST_FILE = "BrowseOverflow/BrowseOverflow-Info.plist";
				INSTALL_PATH = "$(LOCAL_APPS_DIR)";
				LIBRARY_SEARCH_PATHS = (
					"$(inherited)",
					"\"$(SRCROOT)\"",
				);
				PRODUCT_NAME = "$(TARGET_NAME)";
				USER_HEADER_SEARCH_PATHS = "$(SRCROOT)/../json-framework/Classes/";
				WRAPPER_EXTENSION = app;
			};
			name = Debug;
		};
		98A54904130D3ABF003C4F0F /* Release */ = {
			isa = XCBuildConfiguration;
			buildSettings = {
				ALWAYS_SEARCH_USER_PATHS = NO;
				COPY_PHASE_STRIP = YES;
				GCC_PRECOMPILE_PREFIX_HEADER = YES;
				GCC_PREFIX_HEADER = "BrowseOverflow/BrowseOverflow-Prefix.pch";
				INFOPLIST_FILE = "BrowseOverflow/BrowseOverflow-Info.plist";
				INSTALL_PATH = "$(LOCAL_APPS_DIR)";
				LIBRARY_SEARCH_PATHS = (
					"$(inherited)",
					"\"$(SRCROOT)\"",
				);
				PRODUCT_NAME = "$(TARGET_NAME)";
				USER_HEADER_SEARCH_PATHS = "$(SRCROOT)/../json-framework/Classes/";
				VALIDATE_PRODUCT = YES;
				WRAPPER_EXTENSION = app;
			};
			name = Release;
		};
		98A54906130D3ABF003C4F0F /* Debug */ = {
			isa = XCBuildConfiguration;
			buildSettings = {
				ALWAYS_SEARCH_USER_PATHS = NO;
				BUNDLE_LOADER = "$(BUILT_PRODUCTS_DIR)/BrowseOverflow.app/BrowseOverflow";
				FRAMEWORK_SEARCH_PATHS = (
					"$(SDKROOT)/Developer/Library/Frameworks",
					"$(DEVELOPER_LIBRARY_DIR)/Frameworks",
				);
				GCC_PRECOMPILE_PREFIX_HEADER = YES;
				GCC_PREFIX_HEADER = "BrowseOverflowTests/BrowseOverflowTests-Prefix.pch";
				INFOPLIST_FILE = "BrowseOverflowTests/BrowseOverflowTests-Info.plist";
				LIBRARY_SEARCH_PATHS = (
					"$(inherited)",
					"\"$(SRCROOT)\"",
				);
				OTHER_LDFLAGS = (
					"-framework",
					SenTestingKit,
				);
				PRODUCT_NAME = "$(TARGET_NAME)";
				TEST_HOST = "$(BUNDLE_LOADER)";
				USER_HEADER_SEARCH_PATHS = "\"$(SRCROOT)\"";
				WRAPPER_EXTENSION = octest;
			};
			name = Debug;
		};
		98A54907130D3ABF003C4F0F /* Release */ = {
			isa = XCBuildConfiguration;
			buildSettings = {
				ALWAYS_SEARCH_USER_PATHS = NO;
				BUNDLE_LOADER = "$(BUILT_PRODUCTS_DIR)/BrowseOverflow.app/BrowseOverflow";
				FRAMEWORK_SEARCH_PATHS = (
					"$(SDKROOT)/Developer/Library/Frameworks",
					"$(DEVELOPER_LIBRARY_DIR)/Frameworks",
				);
				GCC_PRECOMPILE_PREFIX_HEADER = YES;
				GCC_PREFIX_HEADER = "BrowseOverflowTests/BrowseOverflowTests-Prefix.pch";
				INFOPLIST_FILE = "BrowseOverflowTests/BrowseOverflowTests-Info.plist";
				LIBRARY_SEARCH_PATHS = (
					"$(inherited)",
					"\"$(SRCROOT)\"",
				);
				OTHER_LDFLAGS = (
					"-framework",
					SenTestingKit,
				);
				PRODUCT_NAME = "$(TARGET_NAME)";
				TEST_HOST = "$(BUNDLE_LOADER)";
				USER_HEADER_SEARCH_PATHS = "\"$(SRCROOT)\"";
				WRAPPER_EXTENSION = octest;
			};
			name = Release;
		};
/* End XCBuildConfiguration section */

/* Begin XCConfigurationList section */
		98A548C5130D3ABB003C4F0F /* Build configuration list for PBXProject "BrowseOverflow" */ = {
			isa = XCConfigurationList;
			buildConfigurations = (
				98A54900130D3ABF003C4F0F /* Debug */,
				98A54901130D3ABF003C4F0F /* Release */,
			);
			defaultConfigurationIsVisible = 0;
			defaultConfigurationName = Release;
		};
		98A54902130D3ABF003C4F0F /* Build configuration list for PBXNativeTarget "BrowseOverflow" */ = {
			isa = XCConfigurationList;
			buildConfigurations = (
				98A54903130D3ABF003C4F0F /* Debug */,
				98A54904130D3ABF003C4F0F /* Release */,
			);
			defaultConfigurationIsVisible = 0;
			defaultConfigurationName = Release;
		};
		98A54905130D3ABF003C4F0F /* Build configuration list for PBXNativeTarget "BrowseOverflowTests" */ = {
			isa = XCConfigurationList;
			buildConfigurations = (
				98A54906130D3ABF003C4F0F /* Debug */,
				98A54907130D3ABF003C4F0F /* Release */,
			);
			defaultConfigurationIsVisible = 0;
			defaultConfigurationName = Release;
		};
/* End XCConfigurationList section */
	};
	rootObject = 98A548C2130D3ABB003C4F0F /* Project object */;
}
